# This file is autogenerated, do not edit; changes may be undone by the next 'dep ensure'.


[[projects]]
  branch = "master"
  digest = "1:aae3c7d28df6ce2cb5732de183406959105366efdaa9f5b1f816fe04ccd0355b"
  name = "4d63.com/gochecknoglobals"
  packages = ["."]
  pruneopts = "UT"
  revision = "abbdf6ec0afbf03522985f899c67ead98818854d"

[[projects]]
  branch = "master"
  digest = "1:73b36cbb2608986e419ff183346519d81d3d1a66e42acda480b757d801adb945"
  name = "4d63.com/gochecknoinits"
  packages = ["."]
  pruneopts = "UT"
  revision = "14d5915061e505285f932964ee2a7a8536220b85"

[[projects]]
  digest = "1:9f3b30d9f8e0d7040f729b82dcbc8f0dead820a133b3147ce355fc451f32d761"
  name = "github.com/BurntSushi/toml"
  packages = ["."]
  pruneopts = "UT"
  revision = "3012a1dbe2e4bd1391d42b32f0577cb7bbc7f005"
  version = "v0.3.1"

[[projects]]
  branch = "issue/153"
  digest = "1:75fea8d6c62093d917b792814d0e789f8b719e477c42c4d5250eefe8c96c8b3d"
  name = "github.com/GoASTScanner/gas"
  packages = [
    ".",
    "cmd/gas",
    "output",
    "rules",
  ]
  pruneopts = "UT"
  revision = "806c1d081f5149dbdb4077850a532afafea27ac3"

[[projects]]
  branch = "parse-constraints-with-dash-in-pre"
  digest = "1:7e73faff24c89b65b730d17369374ec4a6d89a0d73c49d40c5bec55660a87fae"
  name = "github.com/Masterminds/semver"
  packages = ["."]
  pruneopts = "UT"
  revision = "a93e51b5a57ef416dac8bb02d11407b6f55d8929"
  source = "https://github.com/carolynvs/semver.git"

[[projects]]
  digest = "1:e8e97d3c5df6c44e650dbf87090ad7cba352415574067214c2f0ff8964c43869"
  name = "github.com/Masterminds/vcs"
  packages = ["."]
  pruneopts = "UT"
  revision = "6f1c6d150500e452704e9863f68c2559f58616bf"
  version = "v1.12.0"

[[projects]]
  branch = "master"
  digest = "1:8a3f2d316524d82ec2ef57b517668904685c25f8c250662c1d20cac350388d0b"
  name = "github.com/alecthomas/gocyclo"
  packages = ["."]
  pruneopts = "UT"
  revision = "aa8f8b160214d8dfccfe3e17e578dd0fcc6fede7"

[[projects]]
  digest = "1:666e546c77c8a4eb7a77fcbd5c9bc4a367e8ec2e4fb74dcd74d2e218751567ad"
  name = "github.com/alecthomas/gometalinter"
  packages = ["."]
  pruneopts = "UT"
  revision = "102ac984005d45456a7e3ae6dc94ebcd95c2bb19"
  version = "v2.0.12"

[[projects]]
  branch = "master"
  digest = "1:c198fdc381e898e8fb62b8eb62758195091c313ad18e52a3067366e1dda2fb3c"
  name = "github.com/alecthomas/units"
  packages = ["."]
  pruneopts = "UT"
  revision = "2efee857e7cfd4f3d0138cc3cbb1b4966962b93a"

[[projects]]
  digest = "1:211fb215a5ea359a0661808c1b42687138c430a156e31081b09433640a4be0b9"
  name = "github.com/alexflint/go-arg"
  packages = ["."]
  pruneopts = "UT"
  revision = "f40417ef119019b1c94b79f3f18b7f66b9fb6bce"
  version = "v1.0.0"

[[projects]]
  digest = "1:38d698f47024bd1358f279ae302feb5e1b7de647635b578ed1e681b259767118"
  name = "github.com/alexflint/go-scalar"
  packages = ["."]
  pruneopts = "UT"
  revision = "6638fbbc28f9ad0136ef5fd84a15c995e08e161f"
  version = "v1.0.0"

[[projects]]
  digest = "1:edf9a22c8d2bf75940fe40a034b03527b1112932b63992a730621782666a9804"
  name = "github.com/alexkohler/nakedret"
  packages = ["."]
  pruneopts = "UT"
  revision = "c0e305a4f690fed163d47628bcc06a6d5655bf92"
  version = "v1.0"

[[projects]]
  branch = "master"
  digest = "1:bebb3af6e020e86bac70564270611903a3df05b9cbdbf3d1b1ef9f76635339a1"
  name = "github.com/alvaroloes/enumer"
  packages = ["."]
  pruneopts = "UT"
  revision = "6bcfe2edaac32ad71b88ce4cf92d34cd643e4ecb"

[[projects]]
  digest = "1:c47f4964978e211c6e566596ec6246c329912ea92e9bb99c00798bb4564c5b09"
  name = "github.com/armon/go-radix"
  packages = ["."]
  pruneopts = "UT"
  revision = "1a2de0c21c94309923825da3df33a4381872c795"
  version = "v1.0.0"

[[projects]]
  digest = "1:0f98f59e9a2f4070d66f0c9c39561f68fcd1dc837b22a852d28d0003aebd1b1e"
  name = "github.com/boltdb/bolt"
  packages = ["."]
  pruneopts = "UT"
  revision = "2f1ce7a837dcb8da3ec595b1dac9d0632f0f99e8"
  version = "v1.3.1"

[[projects]]
  digest = "1:b49dd09ef07e5887ed01ad39fad82dd924de78dd8e2c617087a86d8690af54d1"
  name = "github.com/cheekybits/genny"
  packages = [
    ".",
    "out",
    "parse",
  ]
  pruneopts = "UT"
  revision = "d2cf3cdd35ce0d789056c4bc02a4d6349c947caf"
  version = "v1.0.0"

[[projects]]
  digest = "1:848ef40f818e59905140552cc49ff3dc1a15f955e4b56d1c5c2cc4b54dbadf0c"
  name = "github.com/client9/misspell"
  packages = [
    ".",
    "cmd/misspell",
  ]
  pruneopts = "UT"
  revision = "b90dc15cfd220ecf8bbc9043ecb928cef381f011"
  version = "v0.3.4"

[[projects]]
  digest = "1:bbc4aacabe6880bdbce849c64cb061b7eddf39f132af4ea2853ddd32f85fbec3"
  name = "github.com/fatih/camelcase"
  packages = ["."]
  pruneopts = "UT"
  revision = "44e46d280b43ec1531bb25252440e34f1b800b65"
  version = "v1.0.0"

[[projects]]
  branch = "master"
  digest = "1:5a0c6e944664ce3b2fd50baa2f72ec8fbd994f45f6c641ffaf5541f2f7d58e76"
  name = "github.com/fatih/gomodifytags"
  packages = ["."]
  pruneopts = "UT"
  revision = "141225bf62b6e5c9c0c9554a2e993e8c30aebb1d"

[[projects]]
  digest = "1:060e2ff7ee3e51b4a0fadf46308033bfe3b8030af6a8078ec26916e2e9b2fdc3"
  name = "github.com/fatih/structtag"
  packages = ["."]
  pruneopts = "UT"
  revision = "76ae1d6d2117609598c7d4e8f3e938145f204e8f"
  version = "v1.0.0"

[[projects]]
  digest = "1:c55ad0cc543392141cfecc18e1b5dbf253e56c88549aa7b29deb2db6946a4e7a"
  name = "github.com/golang/dep"
  packages = [
    ".",
    "gps",
    "gps/internal/pb",
    "gps/paths",
    "gps/pkgtree",
    "internal/fs",
  ]
  pruneopts = "UT"
  revision = "37d9ea0ac16f0e0a05afc3b60e1ac8c364b6c329"
  version = "v0.4.1"

[[projects]]
  branch = "travis-1.9"
  digest = "1:e8f5d9c09a7209c740e769713376abda388c41b777ba8e9ed52767e21acf379f"
  name = "github.com/golang/lint"
  packages = [
    ".",
    "golint",
  ]
  pruneopts = "UT"
  revision = "883fe33ffc4344bad1ecd881f61afd5ec5d80e0a"

[[projects]]
  branch = "master"
  digest = "1:318f1c959a8a740366fce4b1e1eb2fd914036b4af58fbd0a003349b305f118ad"
  name = "github.com/golang/protobuf"
  packages = ["proto"]
  pruneopts = "UT"
  revision = "c823c79ea1570fb5ff454033735a8e68575d1d0f"

[[projects]]
  branch = "master"
  digest = "1:473e7c5cbc58c538bce66e0ca2a033d31a3e7d9c6d5d96c6df1657b588bddac3"
  name = "github.com/google/shlex"
  packages = ["."]
  pruneopts = "UT"
  revision = "c34317bd91bf98fab745d77b03933cf8769299fe"

[[projects]]
  branch = "master"
  digest = "1:824d147914b40e56e9e1eebd602bc6bb9761989d52fd8e4a498428467980eb17"
  name = "github.com/gordonklaus/ineffassign"
  packages = ["."]
  pruneopts = "UT"
  revision = "1003c8bd00dc2869cb5ca5282e6ce33834fed514"

[[projects]]
  digest = "1:ca873f3bb9831ae05a25b91e5b54256593a7f3df79159e97e2779ad7215833ad"
  name = "github.com/jgautheron/goconst"
  packages = [
    ".",
    "cmd/goconst",
  ]
  pruneopts = "UT"
  revision = "9740945f5dcb78c2faa8eedcce78c2a04aa6e1e9"
  version = "1.1.0"

[[projects]]
  digest = "1:dcb3e2ad17349c0cc89ffc16692d05195e6a67b4924fe81760fba9a307a7271d"
  name = "github.com/jmank88/nuts"
  packages = ["."]
  pruneopts = "UT"
  revision = "8b28145dffc87104e66d074f62ea8080edfad7c8"
  version = "v0.3.0"

[[projects]]
  digest = "1:b472339040c571f1085e429ad08d94218bc3fc7a635c99fd95e3f80382413317"
  name = "github.com/kisielk/errcheck"
  packages = [
    ".",
    "internal/errcheck",
  ]
  pruneopts = "UT"
  revision = "e14f8d59a22d460d56c5ee92507cd94c78fbf274"
  version = "v1.2.0"

[[projects]]
  digest = "1:15ec2166e33ef6c60b344a04d050eec79193517e7f5082b6233b2d09ef0d10b8"
  name = "github.com/kisielk/gotool"
  packages = [
    ".",
    "internal/load",
  ]
  pruneopts = "UT"
  revision = "80517062f582ea3340cd4baf70e86d539ae7d84d"
  version = "v1.0.0"

[[projects]]
  digest = "1:d1f70995feb8132ca8e99b8bba29823c3273f68c239d9ecd93fa5442a56d546f"
  name = "github.com/mattn/goveralls"
  packages = ["."]
  pruneopts = "UT"
  revision = "b71a1e4855f87991aff01c2c833a75a07059c61c"
  version = "v0.0.2"

[[projects]]
  branch = "master"
  digest = "1:cf39c6aae506f38aa9c9d0f7f42ad3975c5ac893f4430472074ecdac218a09ef"
  name = "github.com/mdempsky/maligned"
  packages = ["."]
  pruneopts = "UT"
  revision = "6e39bd26a8c8b58c5a22129593044655a9e25959"

[[projects]]
  branch = "master"
  digest = "1:ccbbbc7c5cc4a26af4e047a75b4c2f8017bf029255a299d824cffa6b5703a380"
  name = "github.com/mdempsky/unconvert"
  packages = ["."]
  pruneopts = "UT"
  revision = "2db5a8ead8e79c15da82007c07c54d79635e8d5b"

[[projects]]
  digest = "1:5f1ff86adcc0db7c6e43ade2cebc649705bf00129d744b659414fec6379d7ff3"
  name = "github.com/mibk/dupl"
  packages = [
    ".",
    "job",
    "output",
    "suffixtree",
    "syntax",
    "syntax/golang",
  ]
  pruneopts = "UT"
  revision = "f008fcf5e62793d38bda510ee37aab8b0c68e76c"
  version = "v1.0.0"

[[projects]]
  digest = "1:66b0a65aba488ca6c72f77132d5b8d7e2c5baf07d577dee64502b69a2c90c791"
  name = "github.com/nbutton23/zxcvbn-go"
  packages = [
    ".",
    "adjacency",
    "data",
    "entropy",
    "frequency",
    "match",
    "matching",
    "scoring",
    "utils/math",
  ]
  pruneopts = "UT"
  revision = "eafdab6b0663b4b528c35975c8b0e78be6e25261"
  version = "v0.1"

[[projects]]
  digest = "1:07140002dbf37da92090f731b46fa47be4820b82fe5c14a035203b0e813d0ec2"
  name = "github.com/nicksnyder/go-i18n"
  packages = [
    "i18n",
    "i18n/bundle",
    "i18n/language",
    "i18n/translation",
  ]
  pruneopts = "UT"
  revision = "0dc1626d56435e9d605a29875701721c54bc9bbd"
  version = "v1.10.0"

[[projects]]
  branch = "master"
  digest = "1:6491080aa184f88c2bb8e2f6056e5e0e9a578b2d8666efbd6e97bc37a0c41e72"
  name = "github.com/nightlyone/lockfile"
  packages = ["."]
  pruneopts = "UT"
  revision = "0ad87eef1443f64d3d8c50da647e2b1552851124"

[[projects]]
  branch = "master"
  digest = "1:fb99e29a916dd659362df04bc50385768968c44908f4f88f5589ac8ab54cd96e"
  name = "github.com/opennota/check"
  packages = [
    "cmd/structcheck",
    "cmd/varcheck",
  ]
  pruneopts = "UT"
  revision = "0c771f5545ff495a81aad2916c3f16add0cd3b55"

[[projects]]
  branch = "master"
  digest = "1:abb50f832798c34014684a052079e002e1ebe6560c4e1060f7b4f995b0bebbc5"
  name = "github.com/pascaldekloe/name"
  packages = ["."]
  pruneopts = "UT"
  revision = "0fd16699aae1833640fca52a937944c6f3b1d58c"

[[projects]]
  branch = "master"
  digest = "1:a0ebc0f58421c8ce32c24c09e2ccb62ea3d30ced69a6c440568f0d2dcd9f2b38"
  name = "github.com/pelletier/go-toml"
  packages = ["."]
  pruneopts = "UT"
  revision = "27c6b39a135b7dc87a14afb068809132fb7a9a8f"

[[projects]]
  digest = "1:cf31692c14422fa27c83a05292eb5cbe0fb2775972e8f1f8446a71549bd8980b"
  name = "github.com/pkg/errors"
  packages = ["."]
  pruneopts = "UT"
  revision = "ba968bfe8b2f7e042a574c888954fccecfa385b4"
  version = "v0.8.1"

[[projects]]
  branch = "master"
  digest = "1:6baa565fe16f8657cf93469b2b8a6c61a277827734400d27e44d589547297279"
  name = "github.com/ryanuber/go-glob"
  packages = ["."]
  pruneopts = "UT"
  revision = "51a8f68e6c24dc43f1e371749c89a267de4ebc53"

[[projects]]
  branch = "master"
  digest = "1:3b2f0fcb35e10e0f7845f2182e4dd22f5a6fe3db5d1044ca815d646992a2444f"
  name = "github.com/sdboyer/constext"
  packages = ["."]
  pruneopts = "UT"
  revision = "836a144573533ea4da4e6929c235fd348aed1c80"

[[projects]]
  digest = "1:f3447a5e15bd812b6536830a0668c61d79e8f8547ba817ee7e8126b663eb964f"
  name = "github.com/securego/gosec"
  packages = [
    ".",
    "cmd/gosec",
    "output",
    "rules",
  ]
  pruneopts = "UT"
  revision = "2695567487c0f23a8f152b9740571d9a0f08f243"
  version = "1.2.0"

[[projects]]
  branch = "master"
  digest = "1:e37eb87de88a90db435037b9a721cd7b5ff37bc363a28d317574dacad2ad92b7"
  name = "github.com/stripe/safesql"
  packages = ["."]
  pruneopts = "UT"
  revision = "cddf355596fe2dbae05b4b5f845b4a6e2fb4e818"

[[projects]]
  branch = "master"
  digest = "1:239484c74688bcd2cefb64413e66e7fc089342f682d570a83d93b7d4f73a5fd2"
  name = "github.com/tmthrgd/go-bindata"
  packages = [
    ".",
    "go-bindata",
    "internal/identifier",
  ]
  pruneopts = "UT"
  revision = "c8d03665bae952dfa38eb10db25b708af1836157"

[[projects]]
  branch = "master"
  digest = "1:ba52e5a5fb800ce55108b7a5f181bb809aab71c16736051312b0aa969f82ad39"
  name = "github.com/tsenart/deadcode"
  packages = ["."]
  pruneopts = "UT"
  revision = "210d2dc333e90c7e3eedf4f2242507a8e83ed4ab"

[[projects]]
  branch = "master"
  digest = "1:7bff42fbbef28d0ef60138c92cb3872cacb035133b3cfa39e3ff2c43f1fc332e"
  name = "github.com/wadey/gocovmerge"
  packages = ["."]
  pruneopts = "UT"
  revision = "b5bfa59ec0adc420475f97f89b58045c721d761c"

[[projects]]
  branch = "master"
  digest = "1:16665e3fb651ba9672fe0ef97453c2c105826e51a5d4ebe362fac68c02cc2031"
  name = "github.com/walle/lll"
  packages = [
    ".",
    "cmd/lll",
  ]
  pruneopts = "UT"
  revision = "8b13b3fbf7312913fcfdbfa78997b9bd1dbb11af"

[[projects]]
  branch = "master"
  digest = "1:b521f10a2d8fa85c04a8ef4e62f2d1e14d303599a55d64dabf9f5a02f84d35eb"
  name = "golang.org/x/sync"
  packages = ["errgroup"]
  pruneopts = "UT"
  revision = "37e7f081c4d4c64e13b10787722085407fe5d15f"

[[projects]]
  branch = "master"
  digest = "1:8b466798e96432c23185ca32826702885299f94eb644c9a8dedb79771dff383a"
  name = "golang.org/x/sys"
  packages = ["unix"]
  pruneopts = "UT"
  revision = "3b5209105503162ded1863c307ac66fec31120dd"

[[projects]]
  digest = "1:fc3e61b10647ddcee206a5431707878c043faeb5a1cef6de1e0f1d3a2147bcfa"
  name = "golang.org/x/text"
  packages = [
    "internal/gen",
    "internal/triegen",
    "internal/ucd",
    "transform",
    "unicode/cldr",
    "width",
  ]
  pruneopts = "UT"
  revision = "f21a4dfb5e38f5895301dc265a8def02365cc3d0"
  version = "v0.3.0"

[[projects]]
  branch = "master"
  digest = "1:96c6f7ea12628e9a94487bc7e5ef40cae69b7a021b61937a96e6227b58a78855"
  name = "golang.org/x/tools"
  packages = [
    "cmd/goimports",
    "cmd/gotype",
    "container/intsets",
    "cover",
    "go/ast/astutil",
    "go/buildutil",
    "go/callgraph",
    "go/gcexportdata",
    "go/internal/cgo",
    "go/internal/gcimporter",
    "go/internal/packagesdriver",
    "go/loader",
    "go/packages",
    "go/pointer",
    "go/ssa",
    "go/ssa/ssautil",
    "go/types/typeutil",
    "imports",
    "internal/fastwalk",
    "internal/gopathwalk",
    "internal/module",
    "internal/semver",
  ]
  pruneopts = "UT"
  revision = "3744606dbb67b99c60d3f11cb10bd3f9e6dad472"

[[projects]]
  branch = "v3-unstable"
  digest = "1:9e71973a6f518a213cbbfa8c24feab33046b2835684818cb6b2c9ea73e823639"
  name = "gopkg.in/alecthomas/kingpin.v3-unstable"
  packages = ["."]
  pruneopts = "UT"
  revision = "df19058c872cddcd279411d709047160e543a700"

[[projects]]
  digest = "1:4d2e5a73dc1500038e504a8d78b986630e3626dc027bc030ba5c75da257cdb96"
  name = "gopkg.in/yaml.v2"
  packages = ["."]
  pruneopts = "UT"
  revision = "51d6538a90f86fe93ac480b35f37b2be17fef232"
  version = "v2.2.2"

[[projects]]
  digest = "1:214c756c9990633624bf3e5d7fbf41e617234f1ee5ef7f6dbad8b2b2314db816"
  name = "honnef.co/go/tools"
  packages = [
    "arg",
    "callgraph",
    "callgraph/static",
    "cmd/gosimple",
    "cmd/megacheck",
    "cmd/staticcheck",
    "cmd/unused",
    "config",
    "deprecated",
    "functions",
    "internal/sharedcheck",
    "lint",
    "lint/lintdsl",
    "lint/lintutil",
    "lint/lintutil/format",
    "simple",
    "ssa",
    "ssa/ssautil",
    "ssautil",
    "staticcheck",
    "staticcheck/vrp",
    "stylecheck",
    "unused",
    "version",
  ]
  pruneopts = "UT"
  revision = "c2f93a96b099cbbec1de36336ab049ffa620e6d7"
  version = "2019.1"

[[projects]]
  branch = "master"
  digest = "1:5e4b4bebc5151acf88c25bdd9622279a6e8e5971f9af1ada4c0fda461110f241"
  name = "mvdan.cc/interfacer"
  packages = [
    ".",
    "check",
  ]
  pruneopts = "UT"
  revision = "c20040233aedb03da82d460eca6130fcd91c629a"

[[projects]]
  branch = "master"
  digest = "1:521f15c98723cb42db85f5b83980ffa5f707ddaff12976a0d366e6a6cdd1f791"
  name = "mvdan.cc/lint"
  packages = ["."]
  pruneopts = "UT"
  revision = "adc824a0674b99099789b6188a058d485eaf61c0"

[[projects]]
  branch = "master"
  digest = "1:1d1ffe30fb128b945632a4c046f4b8388e342c7b6e54cf6f4add5e8587922256"
  name = "mvdan.cc/unparam"
  packages = [
    ".",
    "check",
  ]
  pruneopts = "UT"
  revision = "fbb59629db34a0f69275bc336cc8c3a4dd9fbe5d"

[solve-meta]
  analyzer-name = "dep"
  analyzer-version = 1
  input-imports = [
    "4d63.com/gochecknoglobals",
    "4d63.com/gochecknoinits",
    "github.com/GoASTScanner/gas/cmd/gas",
    "github.com/alecthomas/gocyclo",
    "github.com/alecthomas/gometalinter",
    "github.com/alexkohler/nakedret",
    "github.com/alvaroloes/enumer",
    "github.com/cheekybits/genny",
    "github.com/client9/misspell/cmd/misspell",
    "github.com/fatih/gomodifytags",
    "github.com/golang/dep",
    "github.com/golang/lint/golint",
    "github.com/gordonklaus/ineffassign",
    "github.com/jgautheron/goconst/cmd/goconst",
    "github.com/kisielk/errcheck",
    "github.com/mattn/goveralls",
    "github.com/mdempsky/maligned",
    "github.com/mdempsky/unconvert",
    "github.com/mibk/dupl",
    "github.com/opennota/check/cmd/structcheck",
    "github.com/opennota/check/cmd/varcheck",
    "github.com/securego/gosec/cmd/gosec",
    "github.com/stripe/safesql",
    "github.com/tmthrgd/go-bindata/go-bindata",
    "github.com/tsenart/deadcode",
    "github.com/wadey/gocovmerge",
    "github.com/walle/lll/cmd/lll",
    "golang.org/x/tools/cmd/goimports",
    "golang.org/x/tools/cmd/gotype",
    "honnef.co/go/tools/cmd/gosimple",
    "honnef.co/go/tools/cmd/megacheck",
    "honnef.co/go/tools/cmd/staticcheck",
    "honnef.co/go/tools/cmd/unused",
    "mvdan.cc/interfacer",
    "mvdan.cc/unparam",
  ]
  solver-name = "gps-cdcl"
  solver-version = 1
